
Microsoft Visual Studio Solution File, Format Version 12.00
# Visual Studio Version 17
VisualStudioVersion = 17.6.33723.286
MinimumVisualStudioVersion = 10.0.40219.1
Project("{9A19103F-16F7-4668-BE54-9A1E7A4F7556}") = "InventorySystemGalaxy", "InventorySystemGalaxy\InventorySystemGalaxy.csproj", "{42411352-B901-44FD-A017-348FBA12CB4B}"
EndProject
Project("{54435603-DBB4-11D2-8724-00A0C9A8B90C}") = "GalaxyEmpireInventory", "GalaxyEmpireInventory\GalaxyEmpireInventory.vdproj", "{40D84452-FBD6-45C9-89BD-362070CBB025}"
EndProject
Project("{54435603-DBB4-11D2-8724-00A0C9A8B90C}") = "gediInventory", "gediInventory\gediInventory.vdproj", "{3B33506D-8107-45D9-814A-35E092103C52}"
EndProject
Global
	GlobalSection(SolutionConfigurationPlatforms) = preSolution
		Debug|Any CPU = Debug|Any CPU
		Release|Any CPU = Release|Any CPU
	EndGlobalSection
	GlobalSection(ProjectConfigurationPlatforms) = postSolution
		{42411352-B901-44FD-A017-348FBA12CB4B}.Debug|Any CPU.ActiveCfg = Debug|Any CPU
		{42411352-B901-44FD-A017-348FBA12CB4B}.Debug|Any CPU.Build.0 = Debug|Any CPU
		{42411352-B901-44FD-A017-348FBA12CB4B}.Release|Any CPU.ActiveCfg = Release|Any CPU
		{42411352-B901-44FD-A017-348FBA12CB4B}.Release|Any CPU.Build.0 = Release|Any CPU
		{40D84452-FBD6-45C9-89BD-362070CBB025}.Debug|Any CPU.ActiveCfg = Debug
		{40D84452-FBD6-45C9-89BD-362070CBB025}.Release|Any CPU.ActiveCfg = Release
		{3B33506D-8107-45D9-814A-35E092103C52}.Debug|Any CPU.ActiveCfg = Debug
		{3B33506D-8107-45D9-814A-35E092103C52}.Release|Any CPU.ActiveCfg = Release
	EndGlobalSection
	GlobalSection(SolutionProperties) = preSolution
		HideSolutionNode = FALSE
	EndGlobalSection
	GlobalSection(ExtensibilityGlobals) = postSolution
		SolutionGuid = {90B1E3A7-9C4A-44AA-AD78-30EA7C2937AE}
	EndGlobalSection
EndGlobal
