
Microsoft Visual Studio Solution File, Format Version 12.00
# Visual Studio Version 17
VisualStudioVersion = 17.6.33723.286
MinimumVisualStudioVersion = 10.0.40219.1
Project("{FAE04EC0-301F-11D3-BF4B-00C04F79EFBC}") = "InventorySystemGalaxy", "InventorySystemGalaxy\InventorySystemGalaxy.csproj", "{42411352-B901-44FD-A017-348FBA12CB4B}"
EndProject
Global
	GlobalSection(SolutionConfigurationPlatforms) = preSolution
		Debug|Any CPU = Debug|Any CPU
		Release|Any CPU = Release|Any CPU
	EndGlobalSection
	GlobalSection(ProjectConfigurationPlatforms) = postSolution
		{42411352-B901-44FD-A017-348FBA12CB4B}.Debug|Any CPU.ActiveCfg = Debug|Any CPU
		{42411352-B901-44FD-A017-348FBA12CB4B}.Debug|Any CPU.Build.0 = Debug|Any CPU
		{42411352-B901-44FD-A017-348FBA12CB4B}.Release|Any CPU.ActiveCfg = Release|Any CPU
		{42411352-B901-44FD-A017-348FBA12CB4B}.Release|Any CPU.Build.0 = Release|Any CPU
	EndGlobalSection
	GlobalSection(SolutionProperties) = preSolution
		HideSolutionNode = FALSE
	EndGlobalSection
	GlobalSection(ExtensibilityGlobals) = postSolution
		SolutionGuid = {90B1E3A7-9C4A-44AA-AD78-30EA7C2937AE}
	EndGlobalSection
EndGlobal
